// !$*UTF8*$!
{
	archiveVersion = 1;
	classes = {
	};
	objectVersion = 51;
	objects = {

/* Begin PBXBuildFile section */
		1527871D22ADEBEE00D63C7F /* Constant.swift in Sources */ = {isa = PBXBuildFile; fileRef = 1527871C22ADEBEE00D63C7F /* Constant.swift */; };
		1527871F22ADEDAB00D63C7F /* Style.swift in Sources */ = {isa = PBXBuildFile; fileRef = 1527871E22ADEDAB00D63C7F /* Style.swift */; };
		1527872122ADEE0900D63C7F /* UIColor.swift in Sources */ = {isa = PBXBuildFile; fileRef = 1527872022ADEE0900D63C7F /* UIColor.swift */; };
		1527872322ADEE3500D63C7F /* UITableView.swift in Sources */ = {isa = PBXBuildFile; fileRef = 1527872222ADEE3500D63C7F /* UITableView.swift */; };
		1527872522ADEE6300D63C7F /* NSObject.swift in Sources */ = {isa = PBXBuildFile; fileRef = 1527872422ADEE6300D63C7F /* NSObject.swift */; };
		1527872722ADF5EA00D63C7F /* WalletStruct.swift in Sources */ = {isa = PBXBuildFile; fileRef = 1527872622ADF5EA00D63C7F /* WalletStruct.swift */; };
		1527872922ADF6F800D63C7F /* WalletError.swift in Sources */ = {isa = PBXBuildFile; fileRef = 1527872822ADF6F800D63C7F /* WalletError.swift */; };
		1527872C22AE080C00D63C7F /* KaychainHelper.swift in Sources */ = {isa = PBXBuildFile; fileRef = 1527872B22AE080C00D63C7F /* KaychainHelper.swift */; };
		1527872E22AE16D400D63C7F /* WalletManager+Keystore.swift in Sources */ = {isa = PBXBuildFile; fileRef = 1527872D22AE16D400D63C7F /* WalletManager+Keystore.swift */; };
		1527873422AE20C800D63C7F /* PaymentViewController.swift in Sources */ = {isa = PBXBuildFile; fileRef = 1527873222AE20C800D63C7F /* PaymentViewController.swift */; };
		1527873522AE20C800D63C7F /* PaymentViewController.xib in Resources */ = {isa = PBXBuildFile; fileRef = 1527873322AE20C800D63C7F /* PaymentViewController.xib */; };
		1527873722AE210200D63C7F /* RPCircularProgress.swift in Sources */ = {isa = PBXBuildFile; fileRef = 1527873622AE210200D63C7F /* RPCircularProgress.swift */; };
		1527873A22AE216C00D63C7F /* TransactionManager.swift in Sources */ = {isa = PBXBuildFile; fileRef = 1527873922AE216C00D63C7F /* TransactionManager.swift */; };
		1527873C22AE21B200D63C7F /* UIApplication.swift in Sources */ = {isa = PBXBuildFile; fileRef = 1527873B22AE21B200D63C7F /* UIApplication.swift */; };
		15B86B5922AA043F00110C06 /* AppDelegate.swift in Sources */ = {isa = PBXBuildFile; fileRef = 15B86B5822AA043F00110C06 /* AppDelegate.swift */; };
		15B86B6022AA044000110C06 /* Assets.xcassets in Resources */ = {isa = PBXBuildFile; fileRef = 15B86B5F22AA044000110C06 /* Assets.xcassets */; };
		15B86B6322AA044000110C06 /* LaunchScreen.storyboard in Resources */ = {isa = PBXBuildFile; fileRef = 15B86B6122AA044000110C06 /* LaunchScreen.storyboard */; };
		15B86BAD22AA1C9000110C06 /* WalletManager.swift in Sources */ = {isa = PBXBuildFile; fileRef = 15B86BAC22AA1C9000110C06 /* WalletManager.swift */; };
		15B86BB222AA1D2900110C06 /* BaseViewController.swift in Sources */ = {isa = PBXBuildFile; fileRef = 15B86BB122AA1D2900110C06 /* BaseViewController.swift */; };
		15B86BB822AA1E5100110C06 /* WelcomeViewController.swift in Sources */ = {isa = PBXBuildFile; fileRef = 15B86BB622AA1E5100110C06 /* WelcomeViewController.swift */; };
		15B86BB922AA1E5100110C06 /* WelcomeViewController.xib in Resources */ = {isa = PBXBuildFile; fileRef = 15B86BB722AA1E5100110C06 /* WelcomeViewController.xib */; };
		7B993B8433E3521751DF30CA /* Pods_AliceX.framework in Frameworks */ = {isa = PBXBuildFile; fileRef = E84CA6AAA684CE1F7F31F90B /* Pods_AliceX.framework */; };
/* End PBXBuildFile section */

/* Begin PBXFileReference section */
		1527871C22ADEBEE00D63C7F /* Constant.swift */ = {isa = PBXFileReference; lastKnownFileType = sourcecode.swift; path = Constant.swift; sourceTree = "<group>"; };
		1527871E22ADEDAB00D63C7F /* Style.swift */ = {isa = PBXFileReference; lastKnownFileType = sourcecode.swift; path = Style.swift; sourceTree = "<group>"; };
		1527872022ADEE0900D63C7F /* UIColor.swift */ = {isa = PBXFileReference; lastKnownFileType = sourcecode.swift; path = UIColor.swift; sourceTree = "<group>"; };
		1527872222ADEE3500D63C7F /* UITableView.swift */ = {isa = PBXFileReference; lastKnownFileType = sourcecode.swift; path = UITableView.swift; sourceTree = "<group>"; };
		1527872422ADEE6300D63C7F /* NSObject.swift */ = {isa = PBXFileReference; lastKnownFileType = sourcecode.swift; path = NSObject.swift; sourceTree = "<group>"; };
		1527872622ADF5EA00D63C7F /* WalletStruct.swift */ = {isa = PBXFileReference; lastKnownFileType = sourcecode.swift; path = WalletStruct.swift; sourceTree = "<group>"; };
		1527872822ADF6F800D63C7F /* WalletError.swift */ = {isa = PBXFileReference; lastKnownFileType = sourcecode.swift; path = WalletError.swift; sourceTree = "<group>"; };
		1527872B22AE080C00D63C7F /* KaychainHelper.swift */ = {isa = PBXFileReference; lastKnownFileType = sourcecode.swift; path = KaychainHelper.swift; sourceTree = "<group>"; };
		1527872D22AE16D400D63C7F /* WalletManager+Keystore.swift */ = {isa = PBXFileReference; lastKnownFileType = sourcecode.swift; path = "WalletManager+Keystore.swift"; sourceTree = "<group>"; };
		1527873222AE20C800D63C7F /* PaymentViewController.swift */ = {isa = PBXFileReference; fileEncoding = 4; lastKnownFileType = sourcecode.swift; path = PaymentViewController.swift; sourceTree = "<group>"; };
		1527873322AE20C800D63C7F /* PaymentViewController.xib */ = {isa = PBXFileReference; fileEncoding = 4; lastKnownFileType = file.xib; path = PaymentViewController.xib; sourceTree = "<group>"; };
		1527873622AE210200D63C7F /* RPCircularProgress.swift */ = {isa = PBXFileReference; fileEncoding = 4; lastKnownFileType = sourcecode.swift; path = RPCircularProgress.swift; sourceTree = "<group>"; };
		1527873922AE216C00D63C7F /* TransactionManager.swift */ = {isa = PBXFileReference; lastKnownFileType = sourcecode.swift; path = TransactionManager.swift; sourceTree = "<group>"; };
		1527873B22AE21B200D63C7F /* UIApplication.swift */ = {isa = PBXFileReference; lastKnownFileType = sourcecode.swift; path = UIApplication.swift; sourceTree = "<group>"; };
		15B86B5522AA043F00110C06 /* AliceX.app */ = {isa = PBXFileReference; explicitFileType = wrapper.application; includeInIndex = 0; path = AliceX.app; sourceTree = BUILT_PRODUCTS_DIR; };
		15B86B5822AA043F00110C06 /* AppDelegate.swift */ = {isa = PBXFileReference; lastKnownFileType = sourcecode.swift; path = AppDelegate.swift; sourceTree = "<group>"; };
		15B86B5F22AA044000110C06 /* Assets.xcassets */ = {isa = PBXFileReference; lastKnownFileType = folder.assetcatalog; path = Assets.xcassets; sourceTree = "<group>"; };
		15B86B6222AA044000110C06 /* Base */ = {isa = PBXFileReference; lastKnownFileType = file.storyboard; name = Base; path = Base.lproj/LaunchScreen.storyboard; sourceTree = "<group>"; };
		15B86B6422AA044000110C06 /* Info.plist */ = {isa = PBXFileReference; lastKnownFileType = text.plist.xml; path = Info.plist; sourceTree = "<group>"; };
		15B86BAC22AA1C9000110C06 /* WalletManager.swift */ = {isa = PBXFileReference; lastKnownFileType = sourcecode.swift; path = WalletManager.swift; sourceTree = "<group>"; };
		15B86BB122AA1D2900110C06 /* BaseViewController.swift */ = {isa = PBXFileReference; lastKnownFileType = sourcecode.swift; path = BaseViewController.swift; sourceTree = "<group>"; };
		15B86BB622AA1E5100110C06 /* WelcomeViewController.swift */ = {isa = PBXFileReference; lastKnownFileType = sourcecode.swift; path = WelcomeViewController.swift; sourceTree = "<group>"; };
		15B86BB722AA1E5100110C06 /* WelcomeViewController.xib */ = {isa = PBXFileReference; lastKnownFileType = file.xib; path = WelcomeViewController.xib; sourceTree = "<group>"; };
		40FE198338246E8AC1AD11B2 /* Pods-AliceX.release.xcconfig */ = {isa = PBXFileReference; includeInIndex = 1; lastKnownFileType = text.xcconfig; name = "Pods-AliceX.release.xcconfig"; path = "Target Support Files/Pods-AliceX/Pods-AliceX.release.xcconfig"; sourceTree = "<group>"; };
		E84CA6AAA684CE1F7F31F90B /* Pods_AliceX.framework */ = {isa = PBXFileReference; explicitFileType = wrapper.framework; includeInIndex = 0; path = Pods_AliceX.framework; sourceTree = BUILT_PRODUCTS_DIR; };
		EAB6374680B0CDCF1D48D02E /* Pods-AliceX.debug.xcconfig */ = {isa = PBXFileReference; includeInIndex = 1; lastKnownFileType = text.xcconfig; name = "Pods-AliceX.debug.xcconfig"; path = "Target Support Files/Pods-AliceX/Pods-AliceX.debug.xcconfig"; sourceTree = "<group>"; };
/* End PBXFileReference section */

/* Begin PBXFrameworksBuildPhase section */
		15B86B5222AA043F00110C06 /* Frameworks */ = {
			isa = PBXFrameworksBuildPhase;
			buildActionMask = 2147483647;
			files = (
				7B993B8433E3521751DF30CA /* Pods_AliceX.framework in Frameworks */,
			);
			runOnlyForDeploymentPostprocessing = 0;
		};
/* End PBXFrameworksBuildPhase section */

/* Begin PBXGroup section */
		1527872A22AE07FA00D63C7F /* Keychain */ = {
			isa = PBXGroup;
			children = (
				1527872B22AE080C00D63C7F /* KaychainHelper.swift */,
			);
			path = Keychain;
			sourceTree = "<group>";
		};
		1527872F22AE207400D63C7F /* Transaction */ = {
			isa = PBXGroup;
			children = (
				1527873122AE209100D63C7F /* Popup */,
				1527873922AE216C00D63C7F /* TransactionManager.swift */,
			);
			path = Transaction;
			sourceTree = "<group>";
		};
		1527873122AE209100D63C7F /* Popup */ = {
			isa = PBXGroup;
			children = (
				1527873222AE20C800D63C7F /* PaymentViewController.swift */,
				1527873322AE20C800D63C7F /* PaymentViewController.xib */,
			);
			path = Popup;
			sourceTree = "<group>";
		};
		15B86B4C22AA043F00110C06 = {
			isa = PBXGroup;
			children = (
				15B86B5722AA043F00110C06 /* AliceX */,
				15B86B5622AA043F00110C06 /* Products */,
				876CA3F15BC9D26DB41AD374 /* Pods */,
				42F31BC76ACCB7B292AA99EC /* Frameworks */,
			);
			sourceTree = "<group>";
		};
		15B86B5622AA043F00110C06 /* Products */ = {
			isa = PBXGroup;
			children = (
				15B86B5522AA043F00110C06 /* AliceX.app */,
			);
			name = Products;
			sourceTree = "<group>";
		};
		15B86B5722AA043F00110C06 /* AliceX */ = {
			isa = PBXGroup;
			children = (
				15B86BA722AA1C4F00110C06 /* Base */,
				15B86BB522AA1DC700110C06 /* Storyboard */,
				15B86BB422AA1DAF00110C06 /* Modules */,
				15B86BB322AA1D9100110C06 /* Support */,
				15B86BAF22AA1CE200110C06 /* Libary */,
				15B86BAE22AA1CD100110C06 /* Extension */,
				15B86BA822AA1C5400110C06 /* Resources */,
			);
			path = AliceX;
			sourceTree = "<group>";
		};
		15B86BA622AA1C4600110C06 /* Wallet */ = {
			isa = PBXGroup;
			children = (
				15B86BAC22AA1C9000110C06 /* WalletManager.swift */,
				1527872D22AE16D400D63C7F /* WalletManager+Keystore.swift */,
				1527872622ADF5EA00D63C7F /* WalletStruct.swift */,
				1527872822ADF6F800D63C7F /* WalletError.swift */,
			);
			path = Wallet;
			sourceTree = "<group>";
		};
		15B86BA722AA1C4F00110C06 /* Base */ = {
			isa = PBXGroup;
			children = (
				15B86BB122AA1D2900110C06 /* BaseViewController.swift */,
			);
			path = Base;
			sourceTree = "<group>";
		};
		15B86BA822AA1C5400110C06 /* Resources */ = {
			isa = PBXGroup;
			children = (
				15B86BB022AA1D1100110C06 /* fronts */,
				15B86BAB22AA1C6E00110C06 /* sounds */,
				15B86BAA22AA1C6600110C06 /* music */,
				15B86BA922AA1C5F00110C06 /* image */,
			);
			path = Resources;
			sourceTree = "<group>";
		};
		15B86BA922AA1C5F00110C06 /* image */ = {
			isa = PBXGroup;
			children = (
				15B86B5F22AA044000110C06 /* Assets.xcassets */,
			);
			path = image;
			sourceTree = "<group>";
		};
		15B86BAA22AA1C6600110C06 /* music */ = {
			isa = PBXGroup;
			children = (
			);
			path = music;
			sourceTree = "<group>";
		};
		15B86BAB22AA1C6E00110C06 /* sounds */ = {
			isa = PBXGroup;
			children = (
			);
			path = sounds;
			sourceTree = "<group>";
		};
		15B86BAE22AA1CD100110C06 /* Extension */ = {
			isa = PBXGroup;
			children = (
				1527872022ADEE0900D63C7F /* UIColor.swift */,
				1527872222ADEE3500D63C7F /* UITableView.swift */,
				1527872422ADEE6300D63C7F /* NSObject.swift */,
				1527873B22AE21B200D63C7F /* UIApplication.swift */,
			);
			path = Extension;
			sourceTree = "<group>";
		};
		15B86BAF22AA1CE200110C06 /* Libary */ = {
			isa = PBXGroup;
			children = (
				1527873622AE210200D63C7F /* RPCircularProgress.swift */,
			);
			path = Libary;
			sourceTree = "<group>";
		};
		15B86BB022AA1D1100110C06 /* fronts */ = {
			isa = PBXGroup;
			children = (
			);
			path = fronts;
			sourceTree = "<group>";
		};
		15B86BB322AA1D9100110C06 /* Support */ = {
			isa = PBXGroup;
			children = (
				15B86B6422AA044000110C06 /* Info.plist */,
				1527871C22ADEBEE00D63C7F /* Constant.swift */,
				1527871E22ADEDAB00D63C7F /* Style.swift */,
			);
			path = Support;
			sourceTree = "<group>";
		};
		15B86BB422AA1DAF00110C06 /* Modules */ = {
			isa = PBXGroup;
			children = (
				1527872F22AE207400D63C7F /* Transaction */,
				1527872A22AE07FA00D63C7F /* Keychain */,
				15B86BBB22AA1E9400110C06 /* Appdelegate */,
				15B86BBA22AA1E5700110C06 /* Welcome */,
				15B86BA622AA1C4600110C06 /* Wallet */,
			);
			path = Modules;
			sourceTree = "<group>";
		};
		15B86BB522AA1DC700110C06 /* Storyboard */ = {
			isa = PBXGroup;
			children = (
				15B86B6122AA044000110C06 /* LaunchScreen.storyboard */,
			);
			path = Storyboard;
			sourceTree = "<group>";
		};
		15B86BBA22AA1E5700110C06 /* Welcome */ = {
			isa = PBXGroup;
			children = (
				15B86BB622AA1E5100110C06 /* WelcomeViewController.swift */,
				15B86BB722AA1E5100110C06 /* WelcomeViewController.xib */,
			);
			path = Welcome;
			sourceTree = "<group>";
		};
		15B86BBB22AA1E9400110C06 /* Appdelegate */ = {
			isa = PBXGroup;
			children = (
				15B86B5822AA043F00110C06 /* AppDelegate.swift */,
			);
			path = Appdelegate;
			sourceTree = "<group>";
		};
		42F31BC76ACCB7B292AA99EC /* Frameworks */ = {
			isa = PBXGroup;
			children = (
				E84CA6AAA684CE1F7F31F90B /* Pods_AliceX.framework */,
			);
			name = Frameworks;
			sourceTree = "<group>";
		};
		876CA3F15BC9D26DB41AD374 /* Pods */ = {
			isa = PBXGroup;
			children = (
				EAB6374680B0CDCF1D48D02E /* Pods-AliceX.debug.xcconfig */,
				40FE198338246E8AC1AD11B2 /* Pods-AliceX.release.xcconfig */,
			);
			path = Pods;
			sourceTree = "<group>";
		};
/* End PBXGroup section */

/* Begin PBXHeadersBuildPhase section */
		15B86BA422AA09D200110C06 /* Headers */ = {
			isa = PBXHeadersBuildPhase;
			buildActionMask = 2147483647;
			files = (
			);
			runOnlyForDeploymentPostprocessing = 0;
		};
/* End PBXHeadersBuildPhase section */

/* Begin PBXNativeTarget section */
		15B86B5422AA043F00110C06 /* AliceX */ = {
			isa = PBXNativeTarget;
			buildConfigurationList = 15B86B6722AA044000110C06 /* Build configuration list for PBXNativeTarget "AliceX" */;
			buildPhases = (
				99ACDC7F0A5AEA0DBD8FA77D /* [CP] Check Pods Manifest.lock */,
				15B86BA422AA09D200110C06 /* Headers */,
				15B86B5122AA043F00110C06 /* Sources */,
				15B86B5222AA043F00110C06 /* Frameworks */,
				15B86B5322AA043F00110C06 /* Resources */,
				20BDE9586E0D6894FB65811F /* [CP] Embed Pods Frameworks */,
				15B86BA522AA09DE00110C06 /* Bundle React Native code and images */,
			);
			buildRules = (
			);
			dependencies = (
			);
			name = AliceX;
			productName = AliceX;
			productReference = 15B86B5522AA043F00110C06 /* AliceX.app */;
			productType = "com.apple.product-type.application";
		};
/* End PBXNativeTarget section */

/* Begin PBXProject section */
		15B86B4D22AA043F00110C06 /* Project object */ = {
			isa = PBXProject;
			attributes = {
				LastSwiftUpdateCheck = 1020;
				LastUpgradeCheck = 1020;
				ORGANIZATIONNAME = lmcmz;
				TargetAttributes = {
					15B86B5422AA043F00110C06 = {
						CreatedOnToolsVersion = 10.2.1;
					};
				};
			};
			buildConfigurationList = 15B86B5022AA043F00110C06 /* Build configuration list for PBXProject "AliceX" */;
			compatibilityVersion = "Xcode 9.3";
			developmentRegion = en;
			hasScannedForEncodings = 0;
			knownRegions = (
				en,
				Base,
			);
			mainGroup = 15B86B4C22AA043F00110C06;
			productRefGroup = 15B86B5622AA043F00110C06 /* Products */;
			projectDirPath = "";
			projectRoot = "";
			targets = (
				15B86B5422AA043F00110C06 /* AliceX */,
			);
		};
/* End PBXProject section */

/* Begin PBXResourcesBuildPhase section */
		15B86B5322AA043F00110C06 /* Resources */ = {
			isa = PBXResourcesBuildPhase;
			buildActionMask = 2147483647;
			files = (
				15B86B6322AA044000110C06 /* LaunchScreen.storyboard in Resources */,
				15B86BB922AA1E5100110C06 /* WelcomeViewController.xib in Resources */,
				15B86B6022AA044000110C06 /* Assets.xcassets in Resources */,
				1527873522AE20C800D63C7F /* PaymentViewController.xib in Resources */,
			);
			runOnlyForDeploymentPostprocessing = 0;
		};
/* End PBXResourcesBuildPhase section */

/* Begin PBXShellScriptBuildPhase section */
		15B86BA522AA09DE00110C06 /* Bundle React Native code and images */ = {
			isa = PBXShellScriptBuildPhase;
			buildActionMask = 2147483647;
			files = (
			);
			inputFileListPaths = (
			);
			inputPaths = (
			);
			name = "Bundle React Native code and images";
			outputFileListPaths = (
			);
			outputPaths = (
			);
			runOnlyForDeploymentPostprocessing = 0;
			shellPath = /bin/sh;
			shellScript = "# Type a script or drag a script file from your workspace to insert its path.\nexport NODE_BINARY=node\n../node_modules/react-native/scripts/react-native-xcode.sh\n";
		};
		20BDE9586E0D6894FB65811F /* [CP] Embed Pods Frameworks */ = {
			isa = PBXShellScriptBuildPhase;
			buildActionMask = 2147483647;
			files = (
			);
			inputFileListPaths = (
				"${PODS_ROOT}/Target Support Files/Pods-AliceX/Pods-AliceX-frameworks-${CONFIGURATION}-input-files.xcfilelist",
			);
			name = "[CP] Embed Pods Frameworks";
			outputFileListPaths = (
				"${PODS_ROOT}/Target Support Files/Pods-AliceX/Pods-AliceX-frameworks-${CONFIGURATION}-output-files.xcfilelist",
			);
			runOnlyForDeploymentPostprocessing = 0;
			shellPath = /bin/sh;
			shellScript = "\"${PODS_ROOT}/Target Support Files/Pods-AliceX/Pods-AliceX-frameworks.sh\"\n";
			showEnvVarsInLog = 0;
		};
		99ACDC7F0A5AEA0DBD8FA77D /* [CP] Check Pods Manifest.lock */ = {
			isa = PBXShellScriptBuildPhase;
			buildActionMask = 2147483647;
			files = (
			);
			inputFileListPaths = (
			);
			inputPaths = (
				"${PODS_PODFILE_DIR_PATH}/Podfile.lock",
				"${PODS_ROOT}/Manifest.lock",
			);
			name = "[CP] Check Pods Manifest.lock";
			outputFileListPaths = (
			);
			outputPaths = (
				"$(DERIVED_FILE_DIR)/Pods-AliceX-checkManifestLockResult.txt",
			);
			runOnlyForDeploymentPostprocessing = 0;
			shellPath = /bin/sh;
			shellScript = "diff \"${PODS_PODFILE_DIR_PATH}/Podfile.lock\" \"${PODS_ROOT}/Manifest.lock\" > /dev/null\nif [ $? != 0 ] ; then\n    # print error to STDERR\n    echo \"error: The sandbox is not in sync with the Podfile.lock. Run 'pod install' or update your CocoaPods installation.\" >&2\n    exit 1\nfi\n# This output is used by Xcode 'outputs' to avoid re-running this script phase.\necho \"SUCCESS\" > \"${SCRIPT_OUTPUT_FILE_0}\"\n";
			showEnvVarsInLog = 0;
		};
/* End PBXShellScriptBuildPhase section */

/* Begin PBXSourcesBuildPhase section */
		15B86B5122AA043F00110C06 /* Sources */ = {
			isa = PBXSourcesBuildPhase;
			buildActionMask = 2147483647;
			files = (
				15B86BAD22AA1C9000110C06 /* WalletManager.swift in Sources */,
				1527872122ADEE0900D63C7F /* UIColor.swift in Sources */,
				1527872E22AE16D400D63C7F /* WalletManager+Keystore.swift in Sources */,
				1527871F22ADEDAB00D63C7F /* Style.swift in Sources */,
				1527873A22AE216C00D63C7F /* TransactionManager.swift in Sources */,
				1527872522ADEE6300D63C7F /* NSObject.swift in Sources */,
				1527872922ADF6F800D63C7F /* WalletError.swift in Sources */,
				15B86BB822AA1E5100110C06 /* WelcomeViewController.swift in Sources */,
				1527873422AE20C800D63C7F /* PaymentViewController.swift in Sources */,
				15B86BB222AA1D2900110C06 /* BaseViewController.swift in Sources */,
				1527872C22AE080C00D63C7F /* KaychainHelper.swift in Sources */,
				1527873C22AE21B200D63C7F /* UIApplication.swift in Sources */,
				1527872322ADEE3500D63C7F /* UITableView.swift in Sources */,
				15B86B5922AA043F00110C06 /* AppDelegate.swift in Sources */,
				1527871D22ADEBEE00D63C7F /* Constant.swift in Sources */,
				1527873722AE210200D63C7F /* RPCircularProgress.swift in Sources */,
				1527872722ADF5EA00D63C7F /* WalletStruct.swift in Sources */,
			);
			runOnlyForDeploymentPostprocessing = 0;
		};
/* End PBXSourcesBuildPhase section */

/* Begin PBXVariantGroup section */
		15B86B6122AA044000110C06 /* LaunchScreen.storyboard */ = {
			isa = PBXVariantGroup;
			children = (
				15B86B6222AA044000110C06 /* Base */,
			);
			name = LaunchScreen.storyboard;
			sourceTree = "<group>";
		};
/* End PBXVariantGroup section */

/* Begin XCBuildConfiguration section */
		15B86B6522AA044000110C06 /* Debug */ = {
			isa = XCBuildConfiguration;
			buildSettings = {
				ALWAYS_SEARCH_USER_PATHS = NO;
				CLANG_ANALYZER_NONNULL = YES;
				CLANG_ANALYZER_NUMBER_OBJECT_CONVERSION = YES_AGGRESSIVE;
				CLANG_CXX_LANGUAGE_STANDARD = "gnu++14";
				CLANG_CXX_LIBRARY = "libc++";
				CLANG_ENABLE_MODULES = YES;
				CLANG_ENABLE_OBJC_ARC = YES;
				CLANG_ENABLE_OBJC_WEAK = YES;
				CLANG_WARN_BLOCK_CAPTURE_AUTORELEASING = YES;
				CLANG_WARN_BOOL_CONVERSION = YES;
				CLANG_WARN_COMMA = YES;
				CLANG_WARN_CONSTANT_CONVERSION = YES;
				CLANG_WARN_DEPRECATED_OBJC_IMPLEMENTATIONS = YES;
				CLANG_WARN_DIRECT_OBJC_ISA_USAGE = YES_ERROR;
				CLANG_WARN_DOCUMENTATION_COMMENTS = YES;
				CLANG_WARN_EMPTY_BODY = YES;
				CLANG_WARN_ENUM_CONVERSION = YES;
				CLANG_WARN_INFINITE_RECURSION = YES;
				CLANG_WARN_INT_CONVERSION = YES;
				CLANG_WARN_NON_LITERAL_NULL_CONVERSION = YES;
				CLANG_WARN_OBJC_IMPLICIT_RETAIN_SELF = YES;
				CLANG_WARN_OBJC_LITERAL_CONVERSION = YES;
				CLANG_WARN_OBJC_ROOT_CLASS = YES_ERROR;
				CLANG_WARN_RANGE_LOOP_ANALYSIS = YES;
				CLANG_WARN_STRICT_PROTOTYPES = YES;
				CLANG_WARN_SUSPICIOUS_MOVE = YES;
				CLANG_WARN_UNGUARDED_AVAILABILITY = YES_AGGRESSIVE;
				CLANG_WARN_UNREACHABLE_CODE = YES;
				CLANG_WARN__DUPLICATE_METHOD_MATCH = YES;
				CODE_SIGN_IDENTITY = "iPhone Developer";
				COPY_PHASE_STRIP = NO;
				DEBUG_INFORMATION_FORMAT = dwarf;
				ENABLE_STRICT_OBJC_MSGSEND = YES;
				ENABLE_TESTABILITY = YES;
				GCC_C_LANGUAGE_STANDARD = gnu11;
				GCC_DYNAMIC_NO_PIC = NO;
				GCC_NO_COMMON_BLOCKS = YES;
				GCC_OPTIMIZATION_LEVEL = 0;
				GCC_PREPROCESSOR_DEFINITIONS = (
					"DEBUG=1",
					"$(inherited)",
				);
				GCC_WARN_64_TO_32_BIT_CONVERSION = YES;
				GCC_WARN_ABOUT_RETURN_TYPE = YES_ERROR;
				GCC_WARN_UNDECLARED_SELECTOR = YES;
				GCC_WARN_UNINITIALIZED_AUTOS = YES_AGGRESSIVE;
				GCC_WARN_UNUSED_FUNCTION = YES;
				GCC_WARN_UNUSED_VARIABLE = YES;
				IPHONEOS_DEPLOYMENT_TARGET = 12.2;
				MTL_ENABLE_DEBUG_INFO = INCLUDE_SOURCE;
				MTL_FAST_MATH = YES;
				ONLY_ACTIVE_ARCH = YES;
				SDKROOT = iphoneos;
				SWIFT_ACTIVE_COMPILATION_CONDITIONS = DEBUG;
				SWIFT_OPTIMIZATION_LEVEL = "-Onone";
			};
			name = Debug;
		};
		15B86B6622AA044000110C06 /* Release */ = {
			isa = XCBuildConfiguration;
			buildSettings = {
				ALWAYS_SEARCH_USER_PATHS = NO;
				CLANG_ANALYZER_NONNULL = YES;
				CLANG_ANALYZER_NUMBER_OBJECT_CONVERSION = YES_AGGRESSIVE;
				CLANG_CXX_LANGUAGE_STANDARD = "gnu++14";
				CLANG_CXX_LIBRARY = "libc++";
				CLANG_ENABLE_MODULES = YES;
				CLANG_ENABLE_OBJC_ARC = YES;
				CLANG_ENABLE_OBJC_WEAK = YES;
				CLANG_WARN_BLOCK_CAPTURE_AUTORELEASING = YES;
				CLANG_WARN_BOOL_CONVERSION = YES;
				CLANG_WARN_COMMA = YES;
				CLANG_WARN_CONSTANT_CONVERSION = YES;
				CLANG_WARN_DEPRECATED_OBJC_IMPLEMENTATIONS = YES;
				CLANG_WARN_DIRECT_OBJC_ISA_USAGE = YES_ERROR;
				CLANG_WARN_DOCUMENTATION_COMMENTS = YES;
				CLANG_WARN_EMPTY_BODY = YES;
				CLANG_WARN_ENUM_CONVERSION = YES;
				CLANG_WARN_INFINITE_RECURSION = YES;
				CLANG_WARN_INT_CONVERSION = YES;
				CLANG_WARN_NON_LITERAL_NULL_CONVERSION = YES;
				CLANG_WARN_OBJC_IMPLICIT_RETAIN_SELF = YES;
				CLANG_WARN_OBJC_LITERAL_CONVERSION = YES;
				CLANG_WARN_OBJC_ROOT_CLASS = YES_ERROR;
				CLANG_WARN_RANGE_LOOP_ANALYSIS = YES;
				CLANG_WARN_STRICT_PROTOTYPES = YES;
				CLANG_WARN_SUSPICIOUS_MOVE = YES;
				CLANG_WARN_UNGUARDED_AVAILABILITY = YES_AGGRESSIVE;
				CLANG_WARN_UNREACHABLE_CODE = YES;
				CLANG_WARN__DUPLICATE_METHOD_MATCH = YES;
				CODE_SIGN_IDENTITY = "iPhone Developer";
				COPY_PHASE_STRIP = NO;
				DEBUG_INFORMATION_FORMAT = "dwarf-with-dsym";
				ENABLE_NS_ASSERTIONS = NO;
				ENABLE_STRICT_OBJC_MSGSEND = YES;
				GCC_C_LANGUAGE_STANDARD = gnu11;
				GCC_NO_COMMON_BLOCKS = YES;
				GCC_WARN_64_TO_32_BIT_CONVERSION = YES;
				GCC_WARN_ABOUT_RETURN_TYPE = YES_ERROR;
				GCC_WARN_UNDECLARED_SELECTOR = YES;
				GCC_WARN_UNINITIALIZED_AUTOS = YES_AGGRESSIVE;
				GCC_WARN_UNUSED_FUNCTION = YES;
				GCC_WARN_UNUSED_VARIABLE = YES;
				IPHONEOS_DEPLOYMENT_TARGET = 12.2;
				MTL_ENABLE_DEBUG_INFO = NO;
				MTL_FAST_MATH = YES;
				SDKROOT = iphoneos;
				SWIFT_COMPILATION_MODE = wholemodule;
				SWIFT_OPTIMIZATION_LEVEL = "-O";
				VALIDATE_PRODUCT = YES;
			};
			name = Release;
		};
		15B86B6822AA044000110C06 /* Debug */ = {
			isa = XCBuildConfiguration;
			baseConfigurationReference = EAB6374680B0CDCF1D48D02E /* Pods-AliceX.debug.xcconfig */;
			buildSettings = {
				ASSETCATALOG_COMPILER_APPICON_NAME = AppIcon;
				CODE_SIGN_STYLE = Automatic;
				DEVELOPMENT_TEAM = HTW65CEF3E;
				INFOPLIST_FILE = AliceX/Support/Info.plist;
				LD_RUNPATH_SEARCH_PATHS = (
					"$(inherited)",
					"@executable_path/Frameworks",
				);
				PRODUCT_BUNDLE_IDENTIFIER = com.lmcmz.AliceX;
				PRODUCT_NAME = "$(TARGET_NAME)";
				SWIFT_VERSION = 5.0;
				TARGETED_DEVICE_FAMILY = "1,2";
			};
			name = Debug;
		};
		15B86B6922AA044000110C06 /* Release */ = {
			isa = XCBuildConfiguration;
			baseConfigurationReference = 40FE198338246E8AC1AD11B2 /* Pods-AliceX.release.xcconfig */;
			buildSettings = {
				ASSETCATALOG_COMPILER_APPICON_NAME = AppIcon;
				CODE_SIGN_STYLE = Automatic;
				DEVELOPMENT_TEAM = HTW65CEF3E;
				INFOPLIST_FILE = AliceX/Support/Info.plist;
				LD_RUNPATH_SEARCH_PATHS = (
					"$(inherited)",
					"@executable_path/Frameworks",
				);
				PRODUCT_BUNDLE_IDENTIFIER = com.lmcmz.AliceX;
				PRODUCT_NAME = "$(TARGET_NAME)";
				SWIFT_VERSION = 5.0;
				TARGETED_DEVICE_FAMILY = "1,2";
			};
			name = Release;
		};
/* End XCBuildConfiguration section */

/* Begin XCConfigurationList section */
		15B86B5022AA043F00110C06 /* Build configuration list for PBXProject "AliceX" */ = {
			isa = XCConfigurationList;
			buildConfigurations = (
				15B86B6522AA044000110C06 /* Debug */,
				15B86B6622AA044000110C06 /* Release */,
			);
			defaultConfigurationIsVisible = 0;
			defaultConfigurationName = Release;
		};
		15B86B6722AA044000110C06 /* Build configuration list for PBXNativeTarget "AliceX" */ = {
			isa = XCConfigurationList;
			buildConfigurations = (
				15B86B6822AA044000110C06 /* Debug */,
				15B86B6922AA044000110C06 /* Release */,
			);
			defaultConfigurationIsVisible = 0;
			defaultConfigurationName = Release;
		};
/* End XCConfigurationList section */
	};
	rootObject = 15B86B4D22AA043F00110C06 /* Project object */;
}
